// !$*UTF8*$!
{
	archiveVersion = 1;
	classes = {
	};
	objectVersion = 46;
	objects = {

/* Begin PBXBuildFile section */
		2D8899A1B6A14F6243CF45B6 /* Pods_Redis.framework in Frameworks */ = {isa = PBXBuildFile; fileRef = 965EA5BE163027360E7E730A /* Pods_Redis.framework */; };
		8932A2C11D43194000C0331A /* CocoaAsyncSocket.framework in Frameworks */ = {isa = PBXBuildFile; fileRef = 8932A2C01D43194000C0331A /* CocoaAsyncSocket.framework */; };
		8932A2C31D43197800C0331A /* Redis.swift in Sources */ = {isa = PBXBuildFile; fileRef = 8932A2C21D43197800C0331A /* Redis.swift */; };
		893AA78D1D4C0A7E00B40B75 /* Sources in Frameworks */ = {isa = PBXBuildFile; fileRef = 893AA78C1D4C0A7E00B40B75 /* Sources */; };
		8961DE321D42DD6800F9FCFC /* AppDelegate.swift in Sources */ = {isa = PBXBuildFile; fileRef = 8961DE311D42DD6800F9FCFC /* AppDelegate.swift */; };
		8961DE341D42DD6800F9FCFC /* ViewController.swift in Sources */ = {isa = PBXBuildFile; fileRef = 8961DE331D42DD6800F9FCFC /* ViewController.swift */; };
		8961DE391D42DD6800F9FCFC /* Assets.xcassets in Resources */ = {isa = PBXBuildFile; fileRef = 8961DE381D42DD6800F9FCFC /* Assets.xcassets */; };
		8961DE3C1D42DD6800F9FCFC /* LaunchScreen.storyboard in Resources */ = {isa = PBXBuildFile; fileRef = 8961DE3A1D42DD6800F9FCFC /* LaunchScreen.storyboard */; };
		896AA5901D527DA100C7184D /* Main.storyboard in Resources */ = {isa = PBXBuildFile; fileRef = 896AA58E1D527DA100C7184D /* Main.storyboard */; };
/* End PBXBuildFile section */

/* Begin PBXFileReference section */
		046387F4E51DF35FE45AA0BE /* Pods-Redis.release.xcconfig */ = {isa = PBXFileReference; includeInIndex = 1; lastKnownFileType = text.xcconfig; name = "Pods-Redis.release.xcconfig"; path = "Pods/Target Support Files/Pods-Redis/Pods-Redis.release.xcconfig"; sourceTree = "<group>"; };
		116806C657A595321C2A95D4 /* Pods-Redis.debug.xcconfig */ = {isa = PBXFileReference; includeInIndex = 1; lastKnownFileType = text.xcconfig; name = "Pods-Redis.debug.xcconfig"; path = "Pods/Target Support Files/Pods-Redis/Pods-Redis.debug.xcconfig"; sourceTree = "<group>"; };
		8932A2C01D43194000C0331A /* CocoaAsyncSocket.framework */ = {isa = PBXFileReference; lastKnownFileType = wrapper.framework; name = CocoaAsyncSocket.framework; path = "Pods/../build/Debug-iphoneos/CocoaAsyncSocket/CocoaAsyncSocket.framework"; sourceTree = "<group>"; };
		8932A2C21D43197800C0331A /* Redis.swift */ = {isa = PBXFileReference; fileEncoding = 4; lastKnownFileType = sourcecode.swift; path = Redis.swift; sourceTree = "<group>"; };
		893AA78A1D4C0A5000B40B75 /* Kitura-redis-master */ = {isa = PBXFileReference; lastKnownFileType = folder; name = "Kitura-redis-master"; path = "../../../../Downloads/Kitura-redis-master"; sourceTree = "<group>"; };
		893AA78C1D4C0A7E00B40B75 /* Sources */ = {isa = PBXFileReference; lastKnownFileType = folder; name = Sources; path = "../../../../Downloads/Kitura-redis-master/Sources"; sourceTree = "<group>"; };
		8961DE2E1D42DD6800F9FCFC /* Redis.app */ = {isa = PBXFileReference; explicitFileType = wrapper.application; includeInIndex = 0; path = Redis.app; sourceTree = BUILT_PRODUCTS_DIR; };
		8961DE311D42DD6800F9FCFC /* AppDelegate.swift */ = {isa = PBXFileReference; lastKnownFileType = sourcecode.swift; path = AppDelegate.swift; sourceTree = "<group>"; };
		8961DE331D42DD6800F9FCFC /* ViewController.swift */ = {isa = PBXFileReference; lastKnownFileType = sourcecode.swift; path = ViewController.swift; sourceTree = "<group>"; };
		8961DE381D42DD6800F9FCFC /* Assets.xcassets */ = {isa = PBXFileReference; lastKnownFileType = folder.assetcatalog; path = Assets.xcassets; sourceTree = "<group>"; };
		8961DE3B1D42DD6800F9FCFC /* Base */ = {isa = PBXFileReference; lastKnownFileType = file.storyboard; name = Base; path = Base.lproj/LaunchScreen.storyboard; sourceTree = "<group>"; };
		8961DE3D1D42DD6800F9FCFC /* Info.plist */ = {isa = PBXFileReference; lastKnownFileType = text.plist.xml; path = Info.plist; sourceTree = "<group>"; };
		896AA58F1D527DA100C7184D /* Base */ = {isa = PBXFileReference; lastKnownFileType = file.storyboard; name = Base; path = "../../../../../Downloads/NRC-d6cfccd5538abcdaf9ee41b9441cf3a4327253e3/Redis/Base.lproj/Main.storyboard"; sourceTree = "<group>"; };
		965EA5BE163027360E7E730A /* Pods_Redis.framework */ = {isa = PBXFileReference; explicitFileType = wrapper.framework; includeInIndex = 0; path = Pods_Redis.framework; sourceTree = BUILT_PRODUCTS_DIR; };
/* End PBXFileReference section */

/* Begin PBXFrameworksBuildPhase section */
		8961DE2B1D42DD6800F9FCFC /* Frameworks */ = {
			isa = PBXFrameworksBuildPhase;
			buildActionMask = 2147483647;
			files = (
				893AA78D1D4C0A7E00B40B75 /* Sources in Frameworks */,
				2D8899A1B6A14F6243CF45B6 /* Pods_Redis.framework in Frameworks */,
				8932A2C11D43194000C0331A /* CocoaAsyncSocket.framework in Frameworks */,
			);
			runOnlyForDeploymentPostprocessing = 0;
		};
/* End PBXFrameworksBuildPhase section */

/* Begin PBXGroup section */
		86D08D20804BD38C85B59553 /* Frameworks */ = {
			isa = PBXGroup;
			children = (
				893AA78C1D4C0A7E00B40B75 /* Sources */,
				893AA78A1D4C0A5000B40B75 /* Kitura-redis-master */,
				8932A2C01D43194000C0331A /* CocoaAsyncSocket.framework */,
				965EA5BE163027360E7E730A /* Pods_Redis.framework */,
			);
			name = Frameworks;
			sourceTree = "<group>";
		};
		8961DE251D42DD6800F9FCFC = {
			isa = PBXGroup;
			children = (
				8961DE301D42DD6800F9FCFC /* Redis */,
				8961DE2F1D42DD6800F9FCFC /* Products */,
				BEDB1A5DAC7F6EF10B5BCCF8 /* Pods */,
				86D08D20804BD38C85B59553 /* Frameworks */,
			);
			sourceTree = "<group>";
		};
		8961DE2F1D42DD6800F9FCFC /* Products */ = {
			isa = PBXGroup;
			children = (
				8961DE2E1D42DD6800F9FCFC /* Redis.app */,
			);
			name = Products;
			sourceTree = "<group>";
		};
		8961DE301D42DD6800F9FCFC /* Redis */ = {
			isa = PBXGroup;
			children = (
				8961DE311D42DD6800F9FCFC /* AppDelegate.swift */,
				8961DE331D42DD6800F9FCFC /* ViewController.swift */,
				8932A2C21D43197800C0331A /* Redis.swift */,
				896AA58E1D527DA100C7184D /* Main.storyboard */,
				8961DE381D42DD6800F9FCFC /* Assets.xcassets */,
				8961DE3A1D42DD6800F9FCFC /* LaunchScreen.storyboard */,
				8961DE3D1D42DD6800F9FCFC /* Info.plist */,
			);
			path = Redis;
			sourceTree = "<group>";
		};
		BEDB1A5DAC7F6EF10B5BCCF8 /* Pods */ = {
			isa = PBXGroup;
			children = (
				116806C657A595321C2A95D4 /* Pods-Redis.debug.xcconfig */,
				046387F4E51DF35FE45AA0BE /* Pods-Redis.release.xcconfig */,
			);
			name = Pods;
			sourceTree = "<group>";
		};
/* End PBXGroup section */

/* Begin PBXNativeTarget section */
		8961DE2D1D42DD6800F9FCFC /* Redis */ = {
			isa = PBXNativeTarget;
			buildConfigurationList = 8961DE401D42DD6800F9FCFC /* Build configuration list for PBXNativeTarget "Redis" */;
			buildPhases = (
				DA06B1CA580F710D8D255C10 /* [CP] Check Pods Manifest.lock */,
				8961DE2A1D42DD6800F9FCFC /* Sources */,
				8961DE2B1D42DD6800F9FCFC /* Frameworks */,
				8961DE2C1D42DD6800F9FCFC /* Resources */,
				50ABB123DC8FB6DC8A4BDF8F /* [CP] Embed Pods Frameworks */,
				BFD8CEA56294B1C3D10587D2 /* [CP] Copy Pods Resources */,
			);
			buildRules = (
			);
			dependencies = (
			);
			name = Redis;
			productName = Redis;
			productReference = 8961DE2E1D42DD6800F9FCFC /* Redis.app */;
			productType = "com.apple.product-type.application";
		};
/* End PBXNativeTarget section */

/* Begin PBXProject section */
		8961DE261D42DD6800F9FCFC /* Project object */ = {
			isa = PBXProject;
			attributes = {
				LastSwiftUpdateCheck = 0730;
				LastUpgradeCheck = 0800;
				ORGANIZATIONNAME = "Arnav Gudibande";
				TargetAttributes = {
					8961DE2D1D42DD6800F9FCFC = {
						CreatedOnToolsVersion = 7.3.1;
						DevelopmentTeam = 644K27Q47A;
						LastSwiftMigration = 0800;
					};
				};
			};
			buildConfigurationList = 8961DE291D42DD6800F9FCFC /* Build configuration list for PBXProject "Redis" */;
			compatibilityVersion = "Xcode 3.2";
			developmentRegion = English;
			hasScannedForEncodings = 0;
			knownRegions = (
				en,
				Base,
			);
			mainGroup = 8961DE251D42DD6800F9FCFC;
			productRefGroup = 8961DE2F1D42DD6800F9FCFC /* Products */;
			projectDirPath = "";
			projectRoot = "";
			targets = (
				8961DE2D1D42DD6800F9FCFC /* Redis */,
			);
		};
/* End PBXProject section */

/* Begin PBXResourcesBuildPhase section */
		8961DE2C1D42DD6800F9FCFC /* Resources */ = {
			isa = PBXResourcesBuildPhase;
			buildActionMask = 2147483647;
			files = (
				896AA5901D527DA100C7184D /* Main.storyboard in Resources */,
				8961DE3C1D42DD6800F9FCFC /* LaunchScreen.storyboard in Resources */,
				8961DE391D42DD6800F9FCFC /* Assets.xcassets in Resources */,
			);
			runOnlyForDeploymentPostprocessing = 0;
		};
/* End PBXResourcesBuildPhase section */

/* Begin PBXShellScriptBuildPhase section */
		50ABB123DC8FB6DC8A4BDF8F /* [CP] Embed Pods Frameworks */ = {
			isa = PBXShellScriptBuildPhase;
			buildActionMask = 2147483647;
			files = (
			);
			inputPaths = (
			);
			name = "[CP] Embed Pods Frameworks";
			outputPaths = (
			);
			runOnlyForDeploymentPostprocessing = 0;
			shellPath = /bin/sh;
			shellScript = "\"${SRCROOT}/Pods/Target Support Files/Pods-Redis/Pods-Redis-frameworks.sh\"\n";
			showEnvVarsInLog = 0;
		};
		BFD8CEA56294B1C3D10587D2 /* [CP] Copy Pods Resources */ = {
			isa = PBXShellScriptBuildPhase;
			buildActionMask = 2147483647;
			files = (
			);
			inputPaths = (
			);
			name = "[CP] Copy Pods Resources";
			outputPaths = (
			);
			runOnlyForDeploymentPostprocessing = 0;
			shellPath = /bin/sh;
			shellScript = "\"${SRCROOT}/Pods/Target Support Files/Pods-Redis/Pods-Redis-resources.sh\"\n";
			showEnvVarsInLog = 0;
		};
		DA06B1CA580F710D8D255C10 /* [CP] Check Pods Manifest.lock */ = {
			isa = PBXShellScriptBuildPhase;
			buildActionMask = 2147483647;
			files = (
			);
			inputPaths = (
			);
			name = "[CP] Check Pods Manifest.lock";
			outputPaths = (
			);
			runOnlyForDeploymentPostprocessing = 0;
			shellPath = /bin/sh;
			shellScript = "diff \"${PODS_ROOT}/../Podfile.lock\" \"${PODS_ROOT}/Manifest.lock\" > /dev/null\nif [[ $? != 0 ]] ; then\n    cat << EOM\nerror: The sandbox is not in sync with the Podfile.lock. Run 'pod install' or update your CocoaPods installation.\nEOM\n    exit 1\nfi\n";
			showEnvVarsInLog = 0;
		};
/* End PBXShellScriptBuildPhase section */

/* Begin PBXSourcesBuildPhase section */
		8961DE2A1D42DD6800F9FCFC /* Sources */ = {
			isa = PBXSourcesBuildPhase;
			buildActionMask = 2147483647;
			files = (
				8932A2C31D43197800C0331A /* Redis.swift in Sources */,
				8961DE341D42DD6800F9FCFC /* ViewController.swift in Sources */,
				8961DE321D42DD6800F9FCFC /* AppDelegate.swift in Sources */,
			);
			runOnlyForDeploymentPostprocessing = 0;
		};
/* End PBXSourcesBuildPhase section */

/* Begin PBXVariantGroup section */
		8961DE3A1D42DD6800F9FCFC /* LaunchScreen.storyboard */ = {
			isa = PBXVariantGroup;
			children = (
				8961DE3B1D42DD6800F9FCFC /* Base */,
			);
			name = LaunchScreen.storyboard;
			sourceTree = "<group>";
		};
		896AA58E1D527DA100C7184D /* Main.storyboard */ = {
			isa = PBXVariantGroup;
			children = (
				896AA58F1D527DA100C7184D /* Base */,
			);
			name = Main.storyboard;
			sourceTree = "<group>";
		};
/* End PBXVariantGroup section */

/* Begin XCBuildConfiguration section */
		8961DE3E1D42DD6800F9FCFC /* Debug */ = {
			isa = XCBuildConfiguration;
			buildSettings = {
				ALWAYS_SEARCH_USER_PATHS = NO;
				CLANG_ANALYZER_NONNULL = YES;
				CLANG_CXX_LANGUAGE_STANDARD = "gnu++0x";
				CLANG_CXX_LIBRARY = "libc++";
				CLANG_ENABLE_MODULES = YES;
				CLANG_ENABLE_OBJC_ARC = YES;
				CLANG_WARN_BOOL_CONVERSION = YES;
				CLANG_WARN_CONSTANT_CONVERSION = YES;
				CLANG_WARN_DIRECT_OBJC_ISA_USAGE = YES_ERROR;
				CLANG_WARN_EMPTY_BODY = YES;
				CLANG_WARN_ENUM_CONVERSION = YES;
				CLANG_WARN_INT_CONVERSION = YES;
				CLANG_WARN_OBJC_ROOT_CLASS = YES_ERROR;
				CLANG_WARN_UNREACHABLE_CODE = YES;
				CLANG_WARN__DUPLICATE_METHOD_MATCH = YES;
				"CODE_SIGN_IDENTITY[sdk=iphoneos*]" = "iPhone Developer";
				COPY_PHASE_STRIP = NO;
				DEBUG_INFORMATION_FORMAT = dwarf;
				ENABLE_STRICT_OBJC_MSGSEND = YES;
				ENABLE_TESTABILITY = YES;
				GCC_C_LANGUAGE_STANDARD = gnu99;
				GCC_DYNAMIC_NO_PIC = NO;
				GCC_NO_COMMON_BLOCKS = YES;
				GCC_OPTIMIZATION_LEVEL = 0;
				GCC_PREPROCESSOR_DEFINITIONS = (
					"DEBUG=1",
					"$(inherited)",
				);
				GCC_WARN_64_TO_32_BIT_CONVERSION = YES;
				GCC_WARN_ABOUT_RETURN_TYPE = YES_ERROR;
				GCC_WARN_UNDECLARED_SELECTOR = YES;
				GCC_WARN_UNINITIALIZED_AUTOS = YES_AGGRESSIVE;
				GCC_WARN_UNUSED_FUNCTION = YES;
				GCC_WARN_UNUSED_VARIABLE = YES;
				IPHONEOS_DEPLOYMENT_TARGET = 9.3;
				MTL_ENABLE_DEBUG_INFO = YES;
				ONLY_ACTIVE_ARCH = YES;
				SDKROOT = iphoneos;
				SWIFT_OPTIMIZATION_LEVEL = "-Onone";
			};
			name = Debug;
		};
		8961DE3F1D42DD6800F9FCFC /* Release */ = {
			isa = XCBuildConfiguration;
			buildSettings = {
				ALWAYS_SEARCH_USER_PATHS = NO;
				CLANG_ANALYZER_NONNULL = YES;
				CLANG_CXX_LANGUAGE_STANDARD = "gnu++0x";
				CLANG_CXX_LIBRARY = "libc++";
				CLANG_ENABLE_MODULES = YES;
				CLANG_ENABLE_OBJC_ARC = YES;
				CLANG_WARN_BOOL_CONVERSION = YES;
				CLANG_WARN_CONSTANT_CONVERSION = YES;
				CLANG_WARN_DIRECT_OBJC_ISA_USAGE = YES_ERROR;
				CLANG_WARN_EMPTY_BODY = YES;
				CLANG_WARN_ENUM_CONVERSION = YES;
				CLANG_WARN_INT_CONVERSION = YES;
				CLANG_WARN_OBJC_ROOT_CLASS = YES_ERROR;
				CLANG_WARN_UNREACHABLE_CODE = YES;
				CLANG_WARN__DUPLICATE_METHOD_MATCH = YES;
				"CODE_SIGN_IDENTITY[sdk=iphoneos*]" = "iPhone Developer";
				COPY_PHASE_STRIP = NO;
				DEBUG_INFORMATION_FORMAT = "dwarf-with-dsym";
				ENABLE_NS_ASSERTIONS = NO;
				ENABLE_STRICT_OBJC_MSGSEND = YES;
				GCC_C_LANGUAGE_STANDARD = gnu99;
				GCC_NO_COMMON_BLOCKS = YES;
				GCC_WARN_64_TO_32_BIT_CONVERSION = YES;
				GCC_WARN_ABOUT_RETURN_TYPE = YES_ERROR;
				GCC_WARN_UNDECLARED_SELECTOR = YES;
				GCC_WARN_UNINITIALIZED_AUTOS = YES_AGGRESSIVE;
				GCC_WARN_UNUSED_FUNCTION = YES;
				GCC_WARN_UNUSED_VARIABLE = YES;
				IPHONEOS_DEPLOYMENT_TARGET = 9.3;
				MTL_ENABLE_DEBUG_INFO = NO;
				SDKROOT = iphoneos;
				VALIDATE_PRODUCT = YES;
			};
			name = Release;
		};
		8961DE411D42DD6800F9FCFC /* Debug */ = {
			isa = XCBuildConfiguration;
			baseConfigurationReference = 116806C657A595321C2A95D4 /* Pods-Redis.debug.xcconfig */;
			buildSettings = {
				ASSETCATALOG_COMPILER_APPICON_NAME = AppIcon;
				FRAMEWORK_SEARCH_PATHS = (
					"$(inherited)",
					"$(PROJECT_DIR)/build/Debug-iphoneos/CocoaAsyncSocket",
				);
				INFOPLIST_FILE = Redis/Info.plist;
				IPHONEOS_DEPLOYMENT_TARGET = 10.0;
				LD_RUNPATH_SEARCH_PATHS = "$(inherited) @executable_path/Frameworks";
				PRODUCT_BUNDLE_IDENTIFIER = "Arnav-Gudibande.Redis";
				PRODUCT_NAME = "$(TARGET_NAME)";
				SWIFT_VERSION = 3.0;
			};
			name = Debug;
		};
		8961DE421D42DD6800F9FCFC /* Release */ = {
			isa = XCBuildConfiguration;
			baseConfigurationReference = 046387F4E51DF35FE45AA0BE /* Pods-Redis.release.xcconfig */;
			buildSettings = {
				ASSETCATALOG_COMPILER_APPICON_NAME = AppIcon;
				FRAMEWORK_SEARCH_PATHS = (
					"$(inherited)",
					"$(PROJECT_DIR)/build/Debug-iphoneos/CocoaAsyncSocket",
				);
				INFOPLIST_FILE = Redis/Info.plist;
				IPHONEOS_DEPLOYMENT_TARGET = 10.0;
				LD_RUNPATH_SEARCH_PATHS = "$(inherited) @executable_path/Frameworks";
				PRODUCT_BUNDLE_IDENTIFIER = "Arnav-Gudibande.Redis";
				PRODUCT_NAME = "$(TARGET_NAME)";
				SWIFT_OPTIMIZATION_LEVEL = "-Owholemodule";
				SWIFT_VERSION = 3.0;
			};
			name = Release;
		};
/* End XCBuildConfiguration section */

/* Begin XCConfigurationList section */
		8961DE291D42DD6800F9FCFC /* Build configuration list for PBXProject "Redis" */ = {
			isa = XCConfigurationList;
			buildConfigurations = (
				8961DE3E1D42DD6800F9FCFC /* Debug */,
				8961DE3F1D42DD6800F9FCFC /* Release */,
			);
			defaultConfigurationIsVisible = 0;
			defaultConfigurationName = Release;
		};
		8961DE401D42DD6800F9FCFC /* Build configuration list for PBXNativeTarget "Redis" */ = {
			isa = XCConfigurationList;
			buildConfigurations = (
				8961DE411D42DD6800F9FCFC /* Debug */,
				8961DE421D42DD6800F9FCFC /* Release */,
			);
			defaultConfigurationIsVisible = 0;
			defaultConfigurationName = Release;
		};
/* End XCConfigurationList section */
	};
	rootObject = 8961DE261D42DD6800F9FCFC /* Project object */;
}
